{
  "nodes": {
    "astro-vim": {
      "flake": false,
      "locked": {
        "lastModified": 1661391168,
        "narHash": "sha256-HyQ4i/T1uQmGurBqCpo8+ESVSVPsTrLQBxLe2OEYjcY=",
        "owner": "wuelnerdotexe",
        "repo": "vim-astro",
        "rev": "34732be5e9a5c28c2409f4490edf92d46d8b55a9",
        "type": "github"
      },
      "original": {
        "owner": "wuelnerdotexe",
        "repo": "vim-astro",
        "type": "github"
      }
    },
    "autosave-nvim": {
      "flake": false,
      "locked": {
        "lastModified": 1667329943,
        "narHash": "sha256-bWGil73YiCKZEaY7IuUOIU4Q7k7qCMjSeQ4I+cAVe44=",
        "owner": "Pocco81",
        "repo": "auto-save.nvim",
        "rev": "979b6c82f60cfa80f4cf437d77446d0ded0addf0",
        "type": "github"
      },
      "original": {
        "owner": "Pocco81",
        "repo": "auto-save.nvim",
        "type": "github"
      }
    },
    "base16-tmux": {
      "flake": false,
      "locked": {
        "lastModified": 1683420753,
        "narHash": "sha256-CEoOdDsER23PXuaNeg/CwJB/AyQQbWLAZlQFWiK2H/Y=",
        "owner": "tinted-theming",
        "repo": "base16-tmux",
        "rev": "284af2b55d4955b34d1b1224d48aba4c7be730e9",
        "type": "github"
      },
      "original": {
        "owner": "tinted-theming",
        "repo": "base16-tmux",
        "type": "github"
      }
    },
    "cyclist-nvim": {
      "flake": false,
      "locked": {
        "lastModified": 1603061570,
        "narHash": "sha256-CpfY2luD59p4FM9cvGsn6pyEFMAUv1vi2+WL27e6Pjk=",
        "owner": "tjdevries",
        "repo": "cyclist.vim",
        "rev": "d611ea3a21365f90d512dd024874e070e864309e",
        "type": "github"
      },
      "original": {
        "owner": "tjdevries",
        "repo": "cyclist.vim",
        "type": "github"
      }
    },
    "dap-vscode": {
      "flake": false,
      "locked": {
        "lastModified": 1678071992,
        "narHash": "sha256-8dlzaI94I8ppzLRNIfjVd92kYgqr07D1akDj4VdKQto=",
        "owner": "mxsdev",
        "repo": "nvim-dap-vscode-js",
        "rev": "03bd29672d7fab5e515fc8469b7d07cc5994bbf6",
        "type": "github"
      },
      "original": {
        "owner": "mxsdev",
        "repo": "nvim-dap-vscode-js",
        "type": "github"
      }
    },
    "firefox-overlay": {
      "locked": {
        "lastModified": 1684487559,
        "narHash": "sha256-SZcJEM+NnLr8ctzeQf1BGAqBHzJ3jn+tdSeO7lszIJc=",
        "owner": "mozilla",
        "repo": "nixpkgs-mozilla",
        "rev": "e6ca26fe8b9df914d4567604e426fbc185d9ef3e",
        "type": "github"
      },
      "original": {
        "owner": "mozilla",
        "repo": "nixpkgs-mozilla",
        "type": "github"
      }
    },
    "flake-compat": {
      "flake": false,
      "locked": {
        "lastModified": 1673956053,
        "narHash": "sha256-4gtG9iQuiKITOjNQQeQIpoIB6b16fm+504Ch3sNKLd8=",
        "owner": "edolstra",
        "repo": "flake-compat",
        "rev": "35bb57c0c8d8b62bbfd284272c928ceb64ddbde9",
        "type": "github"
      },
      "original": {
        "owner": "edolstra",
        "repo": "flake-compat",
        "type": "github"
      }
    },
    "flake-compat_2": {
      "flake": false,
      "locked": {
        "lastModified": 1673956053,
        "narHash": "sha256-4gtG9iQuiKITOjNQQeQIpoIB6b16fm+504Ch3sNKLd8=",
        "owner": "edolstra",
        "repo": "flake-compat",
        "rev": "35bb57c0c8d8b62bbfd284272c928ceb64ddbde9",
        "type": "github"
      },
      "original": {
        "owner": "edolstra",
        "repo": "flake-compat",
        "type": "github"
      }
    },
    "flake-parts": {
      "inputs": {
        "nixpkgs-lib": [
          "neovim-nightly",
          "nixpkgs"
        ]
      },
      "locked": {
        "lastModified": 1683560683,
        "narHash": "sha256-XAygPMN5Xnk/W2c1aW0jyEa6lfMDZWlQgiNtmHXytPc=",
        "owner": "hercules-ci",
        "repo": "flake-parts",
        "rev": "006c75898cf814ef9497252b022e91c946ba8e17",
        "type": "github"
      },
      "original": {
        "owner": "hercules-ci",
        "repo": "flake-parts",
        "type": "github"
      }
    },
    "flake-parts_2": {
      "inputs": {
        "nixpkgs-lib": "nixpkgs-lib"
      },
      "locked": {
        "lastModified": 1678379998,
        "narHash": "sha256-TZdfNqftHhDuIFwBcN9MUThx5sQXCTeZk9je5byPKRw=",
        "owner": "hercules-ci",
        "repo": "flake-parts",
        "rev": "c13d60b89adea3dc20704c045ec4d50dd964d447",
        "type": "github"
      },
      "original": {
        "id": "flake-parts",
        "type": "indirect"
      }
    },
    "flake-parts_3": {
      "inputs": {
        "nixpkgs-lib": [
          "neovim-nightly",
          "hercules-ci-effects",
          "hercules-ci-agent",
          "nixpkgs"
        ]
      },
      "locked": {
        "lastModified": 1678379998,
        "narHash": "sha256-TZdfNqftHhDuIFwBcN9MUThx5sQXCTeZk9je5byPKRw=",
        "owner": "hercules-ci",
        "repo": "flake-parts",
        "rev": "c13d60b89adea3dc20704c045ec4d50dd964d447",
        "type": "github"
      },
      "original": {
        "owner": "hercules-ci",
        "repo": "flake-parts",
        "type": "github"
      }
    },
    "flake-utils": {
      "locked": {
        "lastModified": 1667395993,
        "narHash": "sha256-nuEHfE/LcWyuSWnS8t12N1wc105Qtau+/OdUAjtQ0rA=",
        "owner": "numtide",
        "repo": "flake-utils",
        "rev": "5aed5285a952e0b949eb3ba02c12fa4fcfef535f",
        "type": "github"
      },
      "original": {
        "owner": "numtide",
        "repo": "flake-utils",
        "type": "github"
      }
    },
    "flake-utils_2": {
      "locked": {
        "lastModified": 1667395993,
        "narHash": "sha256-nuEHfE/LcWyuSWnS8t12N1wc105Qtau+/OdUAjtQ0rA=",
        "owner": "numtide",
        "repo": "flake-utils",
        "rev": "5aed5285a952e0b949eb3ba02c12fa4fcfef535f",
        "type": "github"
      },
      "original": {
        "owner": "numtide",
        "repo": "flake-utils",
        "type": "github"
      }
    },
    "flake-utils_3": {
      "inputs": {
        "systems": "systems"
      },
      "locked": {
        "lastModified": 1681202837,
        "narHash": "sha256-H+Rh19JDwRtpVPAWp64F+rlEtxUWBAQW28eAi3SRSzg=",
        "owner": "numtide",
        "repo": "flake-utils",
        "rev": "cfacdce06f30d2b68473a46042957675eebb3401",
        "type": "github"
      },
      "original": {
        "owner": "numtide",
        "repo": "flake-utils",
        "type": "github"
      }
    },
    "gitignore": {
      "inputs": {
        "nixpkgs": [
          "neovim-nightly",
          "hercules-ci-effects",
          "hercules-ci-agent",
          "pre-commit-hooks-nix",
          "nixpkgs"
        ]
      },
      "locked": {
        "lastModified": 1660459072,
        "narHash": "sha256-8DFJjXG8zqoONA1vXtgeKXy68KdJL5UaXR8NtVMUbx8=",
        "owner": "hercules-ci",
        "repo": "gitignore.nix",
        "rev": "a20de23b925fd8264fd7fad6454652e142fd7f73",
        "type": "github"
      },
      "original": {
        "owner": "hercules-ci",
        "repo": "gitignore.nix",
        "type": "github"
      }
    },
    "go-nvim": {
      "flake": false,
      "locked": {
        "lastModified": 1684881354,
        "narHash": "sha256-3nWLCTMNI0kuI+f9eW0vFOYlEZeqHDOWY+RNVV8209w=",
        "owner": "ray-x",
        "repo": "go.nvim",
        "rev": "711b3b84cf59d3c43a9d1b02fdf12152b397e7b1",
        "type": "github"
      },
      "original": {
        "owner": "ray-x",
        "repo": "go.nvim",
        "type": "github"
      }
    },
    "guihua-nvim": {
      "flake": false,
      "locked": {
        "lastModified": 1682594177,
        "narHash": "sha256-nsyIgpI2y3iVmU8SQmsSNLWHXxCAt4z1YpEhFy0Hvog=",
        "owner": "ray-x",
        "repo": "guihua.lua",
        "rev": "ab8b1f09603cc268770efd057115035dc6cfa83d",
        "type": "github"
      },
      "original": {
        "owner": "ray-x",
        "repo": "guihua.lua",
        "type": "github"
      }
    },
    "haskell-flake": {
      "locked": {
        "lastModified": 1678138103,
        "narHash": "sha256-D0lao82bV3t2gEFjHiU6RN233t+1MnkQV+bq8MEu2ic=",
        "owner": "hercules-ci",
        "repo": "haskell-flake",
        "rev": "1e1660e6dd00838ba73bc7952e6e73be67da18d1",
        "type": "github"
      },
      "original": {
        "owner": "hercules-ci",
        "ref": "0.1-extraLibraries",
        "repo": "haskell-flake",
        "type": "github"
      }
    },
    "hercules-ci-agent": {
      "inputs": {
        "flake-parts": "flake-parts_3",
        "haskell-flake": "haskell-flake",
        "nix-darwin": "nix-darwin",
        "nixpkgs": "nixpkgs",
        "pre-commit-hooks-nix": "pre-commit-hooks-nix"
      },
      "locked": {
        "lastModified": 1678446614,
        "narHash": "sha256-Z6Gsba5ahn/N0QlF0vJfIEfnZgCs4qr1IZtXAqjbE7s=",
        "owner": "hercules-ci",
        "repo": "hercules-ci-agent",
        "rev": "0b90d1a87c117a5861785cb85833dd1c9df0b6ef",
        "type": "github"
      },
      "original": {
        "id": "hercules-ci-agent",
        "type": "indirect"
      }
    },
    "hercules-ci-effects": {
      "inputs": {
        "flake-parts": "flake-parts_2",
        "hercules-ci-agent": "hercules-ci-agent",
        "nixpkgs": [
          "neovim-nightly",
          "nixpkgs"
        ]
      },
      "locked": {
        "lastModified": 1681898675,
        "narHash": "sha256-nIJ7CAdiHv4i1no/VgDoeTJLzbLYwu5+/Ycoyzn0S78=",
        "owner": "hercules-ci",
        "repo": "hercules-ci-effects",
        "rev": "15ff4f63e5f28070391a5b09a82f6d5c6cc5c9d0",
        "type": "github"
      },
      "original": {
        "owner": "hercules-ci",
        "repo": "hercules-ci-effects",
        "type": "github"
      }
    },
    "home-manager": {
      "inputs": {
        "nixpkgs": [
          "nixpkgs"
        ]
      },
      "locked": {
        "lastModified": 1685108129,
        "narHash": "sha256-6Jv6LxrLfaueHj095oBUKBk++eW4Ya0qfHwhQVQqyoo=",
        "owner": "nix-community",
        "repo": "home-manager",
        "rev": "bec196cd9b5f34213c7dc90ef2a524336df70e30",
        "type": "github"
      },
      "original": {
        "owner": "nix-community",
        "repo": "home-manager",
        "type": "github"
      }
    },
    "hover-nvim": {
      "flake": false,
      "locked": {
        "lastModified": 1679989446,
        "narHash": "sha256-Neb82orSyF/y00qDHYbTYm9rJK79yVBAAF7k7UcjcQg=",
        "owner": "lewis6991",
        "repo": "hover.nvim",
        "rev": "7aed88b45b5f5a201a78b4393144fef9c88f37f7",
        "type": "github"
      },
      "original": {
        "owner": "lewis6991",
        "repo": "hover.nvim",
        "type": "github"
      }
    },
    "inc-rename": {
      "flake": false,
      "locked": {
        "lastModified": 1680737971,
        "narHash": "sha256-2D2jlDSeB2fy5/PK3M7aHk/X4Zv7esKPya3QOiH8GdI=",
        "owner": "smjonas",
        "repo": "inc-rename.nvim",
        "rev": "fb1b7468f27d874feb209eac46be5205e20b7fd3",
        "type": "github"
      },
      "original": {
        "owner": "smjonas",
        "repo": "inc-rename.nvim",
        "type": "github"
      }
    },
    "jester": {
      "flake": false,
      "locked": {
        "lastModified": 1684824028,
        "narHash": "sha256-1lOdlIOkXAr4uQUiyzdLq/QBEJM8dgOZDunVCQutN/w=",
        "owner": "David-Kunz",
        "repo": "jester",
        "rev": "afb4d94d17356313732eb866450e7fb6e8a68062",
        "type": "github"
      },
      "original": {
        "owner": "David-Kunz",
        "repo": "jester",
        "type": "github"
      }
    },
    "lspcontainers-nvim": {
      "flake": false,
      "locked": {
        "lastModified": 1669054919,
        "narHash": "sha256-zSI/fZ0eCsGoDuS6uiC6QpPsClcUph5p/z6q8REP64I=",
        "owner": "lspcontainers",
        "repo": "lspcontainers.nvim",
        "rev": "b01e19356d4a407d5d45d8f26388d59276e84929",
        "type": "github"
      },
      "original": {
        "owner": "lspcontainers",
        "repo": "lspcontainers.nvim",
        "type": "github"
      }
    },
    "neotest-jest": {
      "flake": false,
      "locked": {
        "lastModified": 1681685572,
        "narHash": "sha256-XEVEqailKEdcQ7HOVrRG9ePHOlmcGs2/BTAxZPoY5G0=",
        "owner": "haydenmeade",
        "repo": "neotest-jest",
        "rev": "22b1050dda3ebd401780ec4b8e193cf52523a4da",
        "type": "github"
      },
      "original": {
        "owner": "haydenmeade",
        "repo": "neotest-jest",
        "type": "github"
      }
    },
    "neovim-flake": {
      "inputs": {
        "flake-utils": "flake-utils_2",
        "nixpkgs": [
          "neovim-nightly",
          "nixpkgs"
        ]
      },
      "locked": {
        "dir": "contrib",
        "lastModified": 1685059698,
        "narHash": "sha256-M5j/pvDaDOCveFPFQsrOMlqx87eDK9t2hNa4wZK8A0k=",
        "owner": "neovim",
        "repo": "neovim",
        "rev": "f733595e795cd2b819cb8fd18327cd51f47b2124",
        "type": "github"
      },
      "original": {
        "dir": "contrib",
        "owner": "neovim",
        "repo": "neovim",
        "type": "github"
      }
    },
    "neovim-nightly": {
      "inputs": {
        "flake-compat": "flake-compat",
        "flake-parts": "flake-parts",
        "hercules-ci-effects": "hercules-ci-effects",
        "neovim-flake": "neovim-flake",
        "nixpkgs": "nixpkgs_2"
      },
      "locked": {
        "lastModified": 1685063967,
        "narHash": "sha256-wimaBBsvUffEYUNzmMe1+yS6zzAnzf3Aqi02CFrzv/M=",
        "owner": "nix-community",
        "repo": "neovim-nightly-overlay",
        "rev": "b161733a76eebbae843d57be2048834f0de7569c",
        "type": "github"
      },
      "original": {
        "owner": "nix-community",
        "repo": "neovim-nightly-overlay",
        "type": "github"
      }
    },
    "nix-darwin": {
      "inputs": {
        "nixpkgs": [
          "neovim-nightly",
          "hercules-ci-effects",
          "hercules-ci-agent",
          "nixpkgs"
        ]
      },
      "locked": {
        "lastModified": 1673295039,
        "narHash": "sha256-AsdYgE8/GPwcelGgrntlijMg4t3hLFJFCRF3tL5WVjA=",
        "owner": "LnL7",
        "repo": "nix-darwin",
        "rev": "87b9d090ad39b25b2400029c64825fc2a8868943",
        "type": "github"
      },
      "original": {
        "owner": "LnL7",
        "repo": "nix-darwin",
        "type": "github"
      }
    },
    "nixpkgs": {
      "locked": {
        "lastModified": 1678293141,
        "narHash": "sha256-lLlQHaR0y+q6nd6kfpydPTGHhl1rS9nU9OQmztzKOYs=",
        "owner": "NixOS",
        "repo": "nixpkgs",
        "rev": "c90c4025bb6e0c4eaf438128a3b2640314b1c58d",
        "type": "github"
      },
      "original": {
        "owner": "NixOS",
        "ref": "nixos-unstable",
        "repo": "nixpkgs",
        "type": "github"
      }
    },
    "nixpkgs-lib": {
      "locked": {
        "dir": "lib",
        "lastModified": 1678375444,
        "narHash": "sha256-XIgHfGvjFvZQ8hrkfocanCDxMefc/77rXeHvYdzBMc8=",
        "owner": "NixOS",
        "repo": "nixpkgs",
        "rev": "130fa0baaa2b93ec45523fdcde942f6844ee9f6e",
        "type": "github"
      },
      "original": {
        "dir": "lib",
        "owner": "NixOS",
        "ref": "nixos-unstable",
        "repo": "nixpkgs",
        "type": "github"
      }
    },
    "nixpkgs-stable": {
      "locked": {
        "lastModified": 1673800717,
        "narHash": "sha256-SFHraUqLSu5cC6IxTprex/nTsI81ZQAtDvlBvGDWfnA=",
        "owner": "NixOS",
        "repo": "nixpkgs",
        "rev": "2f9fd351ec37f5d479556cd48be4ca340da59b8f",
        "type": "github"
      },
      "original": {
        "owner": "NixOS",
        "ref": "nixos-22.11",
        "repo": "nixpkgs",
        "type": "github"
      }
    },
    "nixpkgs-stable_2": {
      "locked": {
        "lastModified": 1684632198,
        "narHash": "sha256-SdxMPd0WmU9MnDBuuy7ouR++GftrThmSGL7PCQj/uVI=",
        "owner": "NixOS",
        "repo": "nixpkgs",
        "rev": "d0dade110dc7072d67ce27826cfe9ab2ab0cf247",
        "type": "github"
      },
      "original": {
        "owner": "NixOS",
        "ref": "release-22.11",
        "repo": "nixpkgs",
        "type": "github"
      }
    },
    "nixpkgs_2": {
      "locked": {
        "lastModified": 1684973047,
        "narHash": "sha256-ZLnSr35L6C49pCZS9fZCCqkIKNAeQzykov2QfosNG9w=",
        "owner": "NixOS",
        "repo": "nixpkgs",
        "rev": "21eb6c6ba74dcbe3ea5926ee46287300fb066630",
        "type": "github"
      },
      "original": {
        "owner": "NixOS",
        "ref": "nixpkgs-unstable",
        "repo": "nixpkgs",
        "type": "github"
      }
    },
    "nixpkgs_3": {
      "locked": {
        "lastModified": 1684935479,
        "narHash": "sha256-6QMMsXMr2nhmOPHdti2j3KRHt+bai2zw+LJfdCl97Mk=",
        "owner": "NixOS",
        "repo": "nixpkgs",
        "rev": "f91ee3065de91a3531329a674a45ddcb3467a650",
        "type": "github"
      },
      "original": {
        "owner": "NixOS",
        "ref": "nixos-unstable",
        "repo": "nixpkgs",
        "type": "github"
      }
    },
    "noice-nvim": {
      "flake": false,
      "locked": {
        "lastModified": 1684998475,
        "narHash": "sha256-xRE+mR6v2VPbIBE8gwmeVlQbw3Uunsiyln46kvis/9k=",
        "owner": "folke",
        "repo": "noice.nvim",
        "rev": "1478f7295806d354e7689edc2a58f3bc2e697f78",
        "type": "github"
      },
      "original": {
        "owner": "folke",
        "repo": "noice.nvim",
        "type": "github"
      }
    },
    "nvim-dap-go": {
      "flake": false,
      "locked": {
        "lastModified": 1684849022,
        "narHash": "sha256-yTj8nGmsRFovWl9/b7xeoPZDB491bLToSoO3Ru70nEc=",
        "owner": "leoluz",
        "repo": "nvim-dap-go",
        "rev": "cdf604a5703838f65fdee7c198f6cb59b563ef6f",
        "type": "github"
      },
      "original": {
        "owner": "leoluz",
        "repo": "nvim-dap-go",
        "type": "github"
      }
    },
    "poetry2nix": {
      "inputs": {
        "flake-utils": "flake-utils_3",
        "nixpkgs": [
          "nixpkgs"
        ]
      },
      "locked": {
        "lastModified": 1685057602,
        "narHash": "sha256-9C2Zh1MOyu6hkyYhZOanwZ0utHxFMx2HS23OIjszYu0=",
        "owner": "nix-community",
        "repo": "poetry2nix",
        "rev": "6ad5ea833729b1c794f2b3ccb73f2413b80f4bb4",
        "type": "github"
      },
      "original": {
        "owner": "nix-community",
        "repo": "poetry2nix",
        "type": "github"
      }
    },
    "pre-commit-hooks-nix": {
      "inputs": {
        "flake-compat": "flake-compat_2",
        "flake-utils": "flake-utils",
        "gitignore": "gitignore",
        "nixpkgs": [
          "neovim-nightly",
          "hercules-ci-effects",
          "hercules-ci-agent",
          "nixpkgs"
        ],
        "nixpkgs-stable": "nixpkgs-stable"
      },
      "locked": {
        "lastModified": 1678376203,
        "narHash": "sha256-3tyYGyC8h7fBwncLZy5nCUjTJPrHbmNwp47LlNLOHSM=",
        "owner": "cachix",
        "repo": "pre-commit-hooks.nix",
        "rev": "1a20b9708962096ec2481eeb2ddca29ed747770a",
        "type": "github"
      },
      "original": {
        "owner": "cachix",
        "repo": "pre-commit-hooks.nix",
        "type": "github"
      }
    },
    "qmk-nvim": {
      "flake": false,
      "locked": {
        "lastModified": 1681932347,
        "narHash": "sha256-QNVIrvczqKjubrhIrCVaQa+0ZNCStbuHPE3RwjLMP9E=",
        "owner": "codethread",
        "repo": "qmk.nvim",
        "rev": "19e9924deea27a9ce2378c748e8cfc6077907dec",
        "type": "github"
      },
      "original": {
        "owner": "codethread",
        "repo": "qmk.nvim",
        "type": "github"
      }
    },
    "regexplainer": {
      "flake": false,
      "locked": {
        "lastModified": 1679897747,
        "narHash": "sha256-mixYVzYJ8yyutu5XkhFvqwDG5mLQ5wE1ySMfyPIZnhE=",
        "owner": "bennypowers",
        "repo": "nvim-regexplainer",
        "rev": "ae651b187bdaa0fc6cbf60e660da5ebf74013d72",
        "type": "github"
      },
      "original": {
        "owner": "bennypowers",
        "repo": "nvim-regexplainer",
        "type": "github"
      }
    },
    "root": {
      "inputs": {
        "astro-vim": "astro-vim",
        "autosave-nvim": "autosave-nvim",
        "base16-tmux": "base16-tmux",
        "cyclist-nvim": "cyclist-nvim",
        "dap-vscode": "dap-vscode",
        "firefox-overlay": "firefox-overlay",
        "go-nvim": "go-nvim",
        "guihua-nvim": "guihua-nvim",
        "home-manager": "home-manager",
        "hover-nvim": "hover-nvim",
        "inc-rename": "inc-rename",
        "jester": "jester",
        "lspcontainers-nvim": "lspcontainers-nvim",
        "neotest-jest": "neotest-jest",
        "neovim-nightly": "neovim-nightly",
        "nixpkgs": "nixpkgs_3",
        "noice-nvim": "noice-nvim",
        "nvim-dap-go": "nvim-dap-go",
        "poetry2nix": "poetry2nix",
        "qmk-nvim": "qmk-nvim",
        "regexplainer": "regexplainer",
        "sops-nix": "sops-nix",
        "statuscol-nvim": "statuscol-nvim",
        "tokyonight-tmux": "tokyonight-tmux",
        "treesitter-just": "treesitter-just",
        "treesj": "treesj",
        "typescript-nvim": "typescript-nvim",
        "vim-just": "vim-just"
      }
    },
    "sops-nix": {
      "inputs": {
        "nixpkgs": [
          "nixpkgs"
        ],
        "nixpkgs-stable": "nixpkgs-stable_2"
      },
      "locked": {
        "lastModified": 1684637723,
        "narHash": "sha256-0vAxL7MVMhGbTkAyvzLvleELHjVsaS43p+PR1h9gzNQ=",
        "owner": "Mic92",
        "repo": "sops-nix",
        "rev": "4ccdfb573f323a108a44c13bb7730e42baf962a9",
        "type": "github"
      },
      "original": {
        "owner": "Mic92",
        "repo": "sops-nix",
        "type": "github"
      }
    },
    "statuscol-nvim": {
      "flake": false,
      "locked": {
        "lastModified": 1683063213,
        "narHash": "sha256-+wNuiEzqucMLSjnx4G3g9dhlQjNvCiqUt1onVRwRHM4=",
        "owner": "luukvbaal",
        "repo": "statuscol.nvim",
        "rev": "7ee8d982331019fec3a90ec87b98d6b4405cacbe",
        "type": "github"
      },
      "original": {
        "owner": "luukvbaal",
        "repo": "statuscol.nvim",
        "type": "github"
      }
    },
    "systems": {
      "locked": {
        "lastModified": 1681028828,
        "narHash": "sha256-Vy1rq5AaRuLzOxct8nz4T6wlgyUR7zLU309k9mBC768=",
        "owner": "nix-systems",
        "repo": "default",
        "rev": "da67096a3b9bf56a91d16901293e51ba5b49a27e",
        "type": "github"
      },
      "original": {
        "owner": "nix-systems",
        "repo": "default",
        "type": "github"
      }
    },
    "tokyonight-tmux": {
      "flake": false,
      "locked": {
        "lastModified": 1684113840,
        "narHash": "sha256-R1t6E5Dd3Zq0MPdXnYyvU0+juC2/0pt6r+Hi3QeMKm4=",
        "owner": "janoamaral",
        "repo": "tokyo-night-tmux",
        "rev": "9bba871bd7af93026715b5b232fa3e9e3d9e7a01",
        "type": "github"
      },
      "original": {
        "owner": "janoamaral",
        "repo": "tokyo-night-tmux",
        "type": "github"
      }
    },
    "treesitter-just": {
      "flake": false,
      "locked": {
        "lastModified": 1679148267,
        "narHash": "sha256-Qs0Klt9uj6Vgs4vJrjKXYD8nNe8KYdWCnADvogm4/l0=",
        "owner": "IndianBoy42",
        "repo": "tree-sitter-just",
        "rev": "4e5f5f3ff37b12a1bbf664eb3966b3019e924594",
        "type": "github"
      },
      "original": {
        "owner": "IndianBoy42",
        "repo": "tree-sitter-just",
        "type": "github"
      }
    },
    "treesj": {
      "flake": false,
      "locked": {
        "lastModified": 1683702824,
        "narHash": "sha256-nkTi13BcM23GD8FakuUSOZZF5uOj3kVg3KIJkuml0VI=",
        "owner": "Wansmer",
        "repo": "treesj",
        "rev": "b1e2976c2d7ba922371cc7f3ab08b75136c27231",
        "type": "github"
      },
      "original": {
        "owner": "Wansmer",
        "repo": "treesj",
        "type": "github"
      }
    },
    "typescript-nvim": {
      "flake": false,
      "locked": {
        "lastModified": 1672710615,
        "narHash": "sha256-PHVY5NJbOGvY9p0F0QNSfMKmAWdqjw1RB0Vspq88qMI=",
        "owner": "jose-elias-alvarez",
        "repo": "typescript.nvim",
        "rev": "f66d4472606cb24615dfb7dbc6557e779d177624",
        "type": "github"
      },
      "original": {
        "owner": "jose-elias-alvarez",
        "repo": "typescript.nvim",
        "type": "github"
      }
    },
    "vim-just": {
      "flake": false,
      "locked": {
        "lastModified": 1682094006,
        "narHash": "sha256-O3HCNOVlo3MAkTQw622n5KTUIVPZd4HJvOXyDZbEWXI=",
        "owner": "NoahTheDuke",
        "repo": "vim-just",
        "rev": "9fc9a1afaa9e3567b25f4141a01f6172a1992a0b",
        "type": "github"
      },
      "original": {
        "owner": "NoahTheDuke",
        "repo": "vim-just",
        "type": "github"
      }
    }
  },
  "root": "root",
  "version": 7
}
